
Microsoft Visual Studio Solution File, Format Version 12.00
# Visual Studio Version 16
VisualStudioVersion = 16.0.31321.278
MinimumVisualStudioVersion = 10.0.40219.1
Project("{9A19103F-16F7-4668-BE54-9A1E7A4F7556}") = "WebApplication2", "WebApplication2.csproj", "{D0D71001-61A9-4064-899C-DBB48E6E72C9}"
EndProject
Global
	GlobalSection(SolutionConfigurationPlatforms) = preSolution
		Debug|Any CPU = Debug|Any CPU
		Release|Any CPU = Release|Any CPU
	EndGlobalSection
	GlobalSection(ProjectConfigurationPlatforms) = postSolution
		{D0D71001-61A9-4064-899C-DBB48E6E72C9}.Debug|Any CPU.ActiveCfg = Debug|Any CPU
		{D0D71001-61A9-4064-899C-DBB48E6E72C9}.Debug|Any CPU.Build.0 = Debug|Any CPU
		{D0D71001-61A9-4064-899C-DBB48E6E72C9}.Release|Any CPU.ActiveCfg = Release|Any CPU
		{D0D71001-61A9-4064-899C-DBB48E6E72C9}.Release|Any CPU.Build.0 = Release|Any CPU
	EndGlobalSection
	GlobalSection(SolutionProperties) = preSolution
		HideSolutionNode = FALSE
	EndGlobalSection
	GlobalSection(ExtensibilityGlobals) = postSolution
		SolutionGuid = {18D6D175-EE23-4543-9388-CA41269F1BCC}
	EndGlobalSection
EndGlobal
